
Microsoft Visual Studio Solution File, Format Version 11.00
# Visual Studio 2010
Project("{8BC9CEB8-8B4A-11D0-8D11-00A0C91BC942}") = "Core", "Core\Core.vcxproj", "{8C5FC7EE-AB95-464B-8DFA-A06A89BC455F}"
	ProjectSection(ProjectDependencies) = postProject
		{70A3C550-DA6D-4EAA-B864-27A33DECC035} = {70A3C550-DA6D-4EAA-B864-27A33DECC035}
		{68A5415F-80CF-458E-A5BF-C9D6E4EE3DF0} = {68A5415F-80CF-458E-A5BF-C9D6E4EE3DF0}
		{0111EC73-6A98-4C34-B15A-43BA29FE0159} = {0111EC73-6A98-4C34-B15A-43BA29FE0159}
		{E248CABB-9774-418B-8586-B8CA264D8C77} = {E248CABB-9774-418B-8586-B8CA264D8C77}
		{75A6DBE9-6A6C-4202-AA27-47C1919E22A2} = {75A6DBE9-6A6C-4202-AA27-47C1919E22A2}
	EndProjectSection
EndProject
Project("{8BC9CEB8-8B4A-11D0-8D11-00A0C91BC942}") = "GUI_Console", "GUI_Console\GUI_Console.vcxproj", "{E248CABB-9774-418B-8586-B8CA264D8C77}"
EndProject
Project("{8BC9CEB8-8B4A-11D0-8D11-00A0C91BC942}") = "FileAccess", "FileAccess\FileAccess.vcxproj", "{75A6DBE9-6A6C-4202-AA27-47C1919E22A2}"
EndProject
Project("{8BC9CEB8-8B4A-11D0-8D11-00A0C91BC942}") = "MapGenerator", "MapGenerator\MapGenerator.vcxproj", "{70A3C550-DA6D-4EAA-B864-27A33DECC035}"
EndProject
Project("{8BC9CEB8-8B4A-11D0-8D11-00A0C91BC942}") = "GUI_CLR_loader", "GUI_CLR_loader\GUI_CLR_loader.vcxproj", "{68A5415F-80CF-458E-A5BF-C9D6E4EE3DF0}"
EndProject
Project("{FAE04EC0-301F-11D3-BF4B-00C04F79EFBC}") = "WPF_GUI", "WPF_GUI\WPF_GUI.csproj", "{0111EC73-6A98-4C34-B15A-43BA29FE0159}"
EndProject
Project("{8BC9CEB8-8B4A-11D0-8D11-00A0C91BC942}") = "Kraveckiy", "Kraveckiy\Kraveckiy.vcxproj", "{B1C10F0D-8D9A-4C9A-B205-665D5392F408}"
EndProject
Project("{8BC9CEB8-8B4A-11D0-8D11-00A0C91BC942}") = "yanushkevich", "yanushkevich\yanushkevich.vcxproj", "{C6BEF751-04C9-4750-B072-B39811C99639}"
EndProject
Project("{8BC9CEB8-8B4A-11D0-8D11-00A0C91BC942}") = "Bratukha", "Bratukha\Bratukha.vcxproj", "{15110889-0384-4FD6-BB06-6618279861DB}"
EndProject
Global
	GlobalSection(SolutionConfigurationPlatforms) = preSolution
		Debug|Any CPU = Debug|Any CPU
		Debug|Mixed Platforms = Debug|Mixed Platforms
		Debug|Win32 = Debug|Win32
		Debug|x86 = Debug|x86
		Release|Any CPU = Release|Any CPU
		Release|Mixed Platforms = Release|Mixed Platforms
		Release|Win32 = Release|Win32
		Release|x86 = Release|x86
	EndGlobalSection
	GlobalSection(ProjectConfigurationPlatforms) = postSolution
		{8C5FC7EE-AB95-464B-8DFA-A06A89BC455F}.Debug|Any CPU.ActiveCfg = Debug|Win32
		{8C5FC7EE-AB95-464B-8DFA-A06A89BC455F}.Debug|Mixed Platforms.ActiveCfg = Debug|Win32
		{8C5FC7EE-AB95-464B-8DFA-A06A89BC455F}.Debug|Mixed Platforms.Build.0 = Debug|Win32
		{8C5FC7EE-AB95-464B-8DFA-A06A89BC455F}.Debug|Win32.ActiveCfg = Debug|Win32
		{8C5FC7EE-AB95-464B-8DFA-A06A89BC455F}.Debug|Win32.Build.0 = Debug|Win32
		{8C5FC7EE-AB95-464B-8DFA-A06A89BC455F}.Debug|x86.ActiveCfg = Debug|Win32
		{8C5FC7EE-AB95-464B-8DFA-A06A89BC455F}.Release|Any CPU.ActiveCfg = Release|Win32
		{8C5FC7EE-AB95-464B-8DFA-A06A89BC455F}.Release|Mixed Platforms.ActiveCfg = Release|Win32
		{8C5FC7EE-AB95-464B-8DFA-A06A89BC455F}.Release|Mixed Platforms.Build.0 = Release|Win32
		{8C5FC7EE-AB95-464B-8DFA-A06A89BC455F}.Release|Win32.ActiveCfg = Release|Win32
		{8C5FC7EE-AB95-464B-8DFA-A06A89BC455F}.Release|Win32.Build.0 = Release|Win32
		{8C5FC7EE-AB95-464B-8DFA-A06A89BC455F}.Release|x86.ActiveCfg = Release|Win32
		{E248CABB-9774-418B-8586-B8CA264D8C77}.Debug|Any CPU.ActiveCfg = Debug|Win32
		{E248CABB-9774-418B-8586-B8CA264D8C77}.Debug|Mixed Platforms.ActiveCfg = Debug|Win32
		{E248CABB-9774-418B-8586-B8CA264D8C77}.Debug|Mixed Platforms.Build.0 = Debug|Win32
		{E248CABB-9774-418B-8586-B8CA264D8C77}.Debug|Win32.ActiveCfg = Debug|Win32
		{E248CABB-9774-418B-8586-B8CA264D8C77}.Debug|Win32.Build.0 = Debug|Win32
		{E248CABB-9774-418B-8586-B8CA264D8C77}.Debug|x86.ActiveCfg = Debug|Win32
		{E248CABB-9774-418B-8586-B8CA264D8C77}.Release|Any CPU.ActiveCfg = Release|Win32
		{E248CABB-9774-418B-8586-B8CA264D8C77}.Release|Mixed Platforms.ActiveCfg = Release|Win32
		{E248CABB-9774-418B-8586-B8CA264D8C77}.Release|Mixed Platforms.Build.0 = Release|Win32
		{E248CABB-9774-418B-8586-B8CA264D8C77}.Release|Win32.ActiveCfg = Release|Win32
		{E248CABB-9774-418B-8586-B8CA264D8C77}.Release|Win32.Build.0 = Release|Win32
		{E248CABB-9774-418B-8586-B8CA264D8C77}.Release|x86.ActiveCfg = Release|Win32
		{75A6DBE9-6A6C-4202-AA27-47C1919E22A2}.Debug|Any CPU.ActiveCfg = Debug|Win32
		{75A6DBE9-6A6C-4202-AA27-47C1919E22A2}.Debug|Mixed Platforms.ActiveCfg = Debug|Win32
		{75A6DBE9-6A6C-4202-AA27-47C1919E22A2}.Debug|Mixed Platforms.Build.0 = Debug|Win32
		{75A6DBE9-6A6C-4202-AA27-47C1919E22A2}.Debug|Win32.ActiveCfg = Debug|Win32
		{75A6DBE9-6A6C-4202-AA27-47C1919E22A2}.Debug|Win32.Build.0 = Debug|Win32
		{75A6DBE9-6A6C-4202-AA27-47C1919E22A2}.Debug|x86.ActiveCfg = Debug|Win32
		{75A6DBE9-6A6C-4202-AA27-47C1919E22A2}.Release|Any CPU.ActiveCfg = Release|Win32
		{75A6DBE9-6A6C-4202-AA27-47C1919E22A2}.Release|Mixed Platforms.ActiveCfg = Release|Win32
		{75A6DBE9-6A6C-4202-AA27-47C1919E22A2}.Release|Mixed Platforms.Build.0 = Release|Win32
		{75A6DBE9-6A6C-4202-AA27-47C1919E22A2}.Release|Win32.ActiveCfg = Release|Win32
		{75A6DBE9-6A6C-4202-AA27-47C1919E22A2}.Release|Win32.Build.0 = Release|Win32
		{75A6DBE9-6A6C-4202-AA27-47C1919E22A2}.Release|x86.ActiveCfg = Release|Win32
		{70A3C550-DA6D-4EAA-B864-27A33DECC035}.Debug|Any CPU.ActiveCfg = Debug|Win32
		{70A3C550-DA6D-4EAA-B864-27A33DECC035}.Debug|Mixed Platforms.ActiveCfg = Debug|Win32
		{70A3C550-DA6D-4EAA-B864-27A33DECC035}.Debug|Mixed Platforms.Build.0 = Debug|Win32
		{70A3C550-DA6D-4EAA-B864-27A33DECC035}.Debug|Win32.ActiveCfg = Debug|Win32
		{70A3C550-DA6D-4EAA-B864-27A33DECC035}.Debug|Win32.Build.0 = Debug|Win32
		{70A3C550-DA6D-4EAA-B864-27A33DECC035}.Debug|x86.ActiveCfg = Debug|Win32
		{70A3C550-DA6D-4EAA-B864-27A33DECC035}.Release|Any CPU.ActiveCfg = Release|Win32
		{70A3C550-DA6D-4EAA-B864-27A33DECC035}.Release|Mixed Platforms.ActiveCfg = Release|Win32
		{70A3C550-DA6D-4EAA-B864-27A33DECC035}.Release|Mixed Platforms.Build.0 = Release|Win32
		{70A3C550-DA6D-4EAA-B864-27A33DECC035}.Release|Win32.ActiveCfg = Release|Win32
		{70A3C550-DA6D-4EAA-B864-27A33DECC035}.Release|Win32.Build.0 = Release|Win32
		{70A3C550-DA6D-4EAA-B864-27A33DECC035}.Release|x86.ActiveCfg = Release|Win32
		{68A5415F-80CF-458E-A5BF-C9D6E4EE3DF0}.Debug|Any CPU.ActiveCfg = Debug|Win32
		{68A5415F-80CF-458E-A5BF-C9D6E4EE3DF0}.Debug|Mixed Platforms.ActiveCfg = Debug|Win32
		{68A5415F-80CF-458E-A5BF-C9D6E4EE3DF0}.Debug|Mixed Platforms.Build.0 = Debug|Win32
		{68A5415F-80CF-458E-A5BF-C9D6E4EE3DF0}.Debug|Win32.ActiveCfg = Debug|Win32
		{68A5415F-80CF-458E-A5BF-C9D6E4EE3DF0}.Debug|Win32.Build.0 = Debug|Win32
		{68A5415F-80CF-458E-A5BF-C9D6E4EE3DF0}.Debug|x86.ActiveCfg = Debug|Win32
		{68A5415F-80CF-458E-A5BF-C9D6E4EE3DF0}.Release|Any CPU.ActiveCfg = Release|Win32
		{68A5415F-80CF-458E-A5BF-C9D6E4EE3DF0}.Release|Mixed Platforms.ActiveCfg = Release|Win32
		{68A5415F-80CF-458E-A5BF-C9D6E4EE3DF0}.Release|Mixed Platforms.Build.0 = Release|Win32
		{68A5415F-80CF-458E-A5BF-C9D6E4EE3DF0}.Release|Win32.ActiveCfg = Release|Win32
		{68A5415F-80CF-458E-A5BF-C9D6E4EE3DF0}.Release|Win32.Build.0 = Release|Win32
		{68A5415F-80CF-458E-A5BF-C9D6E4EE3DF0}.Release|x86.ActiveCfg = Release|Win32
		{0111EC73-6A98-4C34-B15A-43BA29FE0159}.Debug|Any CPU.ActiveCfg = Debug|Any CPU
		{0111EC73-6A98-4C34-B15A-43BA29FE0159}.Debug|Any CPU.Build.0 = Debug|Any CPU
		{0111EC73-6A98-4C34-B15A-43BA29FE0159}.Debug|Mixed Platforms.ActiveCfg = Debug|Any CPU
		{0111EC73-6A98-4C34-B15A-43BA29FE0159}.Debug|Mixed Platforms.Build.0 = Debug|Any CPU
		{0111EC73-6A98-4C34-B15A-43BA29FE0159}.Debug|Win32.ActiveCfg = Debug|Any CPU
		{0111EC73-6A98-4C34-B15A-43BA29FE0159}.Debug|Win32.Build.0 = Debug|Any CPU
		{0111EC73-6A98-4C34-B15A-43BA29FE0159}.Debug|x86.ActiveCfg = Debug|Any CPU
		{0111EC73-6A98-4C34-B15A-43BA29FE0159}.Release|Any CPU.ActiveCfg = Release|Any CPU
		{0111EC73-6A98-4C34-B15A-43BA29FE0159}.Release|Any CPU.Build.0 = Release|Any CPU
		{0111EC73-6A98-4C34-B15A-43BA29FE0159}.Release|Mixed Platforms.ActiveCfg = Release|Any CPU
		{0111EC73-6A98-4C34-B15A-43BA29FE0159}.Release|Mixed Platforms.Build.0 = Release|Any CPU
		{0111EC73-6A98-4C34-B15A-43BA29FE0159}.Release|Win32.ActiveCfg = Release|Any CPU
		{0111EC73-6A98-4C34-B15A-43BA29FE0159}.Release|x86.ActiveCfg = Release|Any CPU
		{B1C10F0D-8D9A-4C9A-B205-665D5392F408}.Debug|Any CPU.ActiveCfg = Debug|Win32
		{B1C10F0D-8D9A-4C9A-B205-665D5392F408}.Debug|Mixed Platforms.ActiveCfg = Debug|Win32
		{B1C10F0D-8D9A-4C9A-B205-665D5392F408}.Debug|Mixed Platforms.Build.0 = Debug|Win32
		{B1C10F0D-8D9A-4C9A-B205-665D5392F408}.Debug|Win32.ActiveCfg = Debug|Win32
		{B1C10F0D-8D9A-4C9A-B205-665D5392F408}.Debug|Win32.Build.0 = Debug|Win32
		{B1C10F0D-8D9A-4C9A-B205-665D5392F408}.Debug|x86.ActiveCfg = Debug|Win32
		{B1C10F0D-8D9A-4C9A-B205-665D5392F408}.Release|Any CPU.ActiveCfg = Release|Win32
		{B1C10F0D-8D9A-4C9A-B205-665D5392F408}.Release|Mixed Platforms.ActiveCfg = Release|Win32
		{B1C10F0D-8D9A-4C9A-B205-665D5392F408}.Release|Mixed Platforms.Build.0 = Release|Win32
		{B1C10F0D-8D9A-4C9A-B205-665D5392F408}.Release|Win32.ActiveCfg = Release|Win32
		{B1C10F0D-8D9A-4C9A-B205-665D5392F408}.Release|Win32.Build.0 = Release|Win32
		{B1C10F0D-8D9A-4C9A-B205-665D5392F408}.Release|x86.ActiveCfg = Release|Win32
		{C6BEF751-04C9-4750-B072-B39811C99639}.Debug|Any CPU.ActiveCfg = Debug|Win32
		{C6BEF751-04C9-4750-B072-B39811C99639}.Debug|Mixed Platforms.ActiveCfg = Debug|Win32
		{C6BEF751-04C9-4750-B072-B39811C99639}.Debug|Mixed Platforms.Build.0 = Debug|Win32
		{C6BEF751-04C9-4750-B072-B39811C99639}.Debug|Win32.ActiveCfg = Debug|Win32
		{C6BEF751-04C9-4750-B072-B39811C99639}.Debug|Win32.Build.0 = Debug|Win32
		{C6BEF751-04C9-4750-B072-B39811C99639}.Debug|x86.ActiveCfg = Debug|Win32
		{C6BEF751-04C9-4750-B072-B39811C99639}.Release|Any CPU.ActiveCfg = Release|Win32
		{C6BEF751-04C9-4750-B072-B39811C99639}.Release|Mixed Platforms.ActiveCfg = Release|Win32
		{C6BEF751-04C9-4750-B072-B39811C99639}.Release|Mixed Platforms.Build.0 = Release|Win32
		{C6BEF751-04C9-4750-B072-B39811C99639}.Release|Win32.ActiveCfg = Release|Win32
		{C6BEF751-04C9-4750-B072-B39811C99639}.Release|Win32.Build.0 = Release|Win32
		{C6BEF751-04C9-4750-B072-B39811C99639}.Release|x86.ActiveCfg = Release|Win32
		{15110889-0384-4FD6-BB06-6618279861DB}.Debug|Any CPU.ActiveCfg = Debug|Win32
		{15110889-0384-4FD6-BB06-6618279861DB}.Debug|Mixed Platforms.ActiveCfg = Debug|Win32
		{15110889-0384-4FD6-BB06-6618279861DB}.Debug|Mixed Platforms.Build.0 = Debug|Win32
		{15110889-0384-4FD6-BB06-6618279861DB}.Debug|Win32.ActiveCfg = Debug|Win32
		{15110889-0384-4FD6-BB06-6618279861DB}.Debug|Win32.Build.0 = Debug|Win32
		{15110889-0384-4FD6-BB06-6618279861DB}.Debug|x86.ActiveCfg = Debug|Win32
		{15110889-0384-4FD6-BB06-6618279861DB}.Release|Any CPU.ActiveCfg = Release|Win32
		{15110889-0384-4FD6-BB06-6618279861DB}.Release|Mixed Platforms.ActiveCfg = Release|Win32
		{15110889-0384-4FD6-BB06-6618279861DB}.Release|Mixed Platforms.Build.0 = Release|Win32
		{15110889-0384-4FD6-BB06-6618279861DB}.Release|Win32.ActiveCfg = Release|Win32
		{15110889-0384-4FD6-BB06-6618279861DB}.Release|Win32.Build.0 = Release|Win32
		{15110889-0384-4FD6-BB06-6618279861DB}.Release|x86.ActiveCfg = Release|Win32
	EndGlobalSection
	GlobalSection(SolutionProperties) = preSolution
		HideSolutionNode = FALSE
	EndGlobalSection
EndGlobal
